
Microsoft Visual Studio Solution File, Format Version 12.00
# Visual Studio 15
VisualStudioVersion = 15.0.28010.2026
MinimumVisualStudioVersion = 10.0.40219.1
Project("{FAE04EC0-301F-11D3-BF4B-00C04F79EFBC}") = "LifeLogger.Contract", "src\LifeLogger.Contract\LifeLogger.Contract.csproj", "{A4068C5E-A0A0-4FDB-84D3-E23B6699020C}"
EndProject
Project("{9A19103F-16F7-4668-BE54-9A1E7A4F7556}") = "LifeLogger.Web", "src\LifeLogger.Web\LifeLogger.Web.csproj", "{10D72CEB-11AB-49CF-B07C-0CBC7AE45330}"
EndProject
Project("{9A19103F-16F7-4668-BE54-9A1E7A4F7556}") = "LifeLogger.ViewModels", "src\LifeLogger.ViewModels\LifeLogger.ViewModels.csproj", "{B34A15BB-F48F-4E1B-BF58-2A8A2C3D7D8A}"
EndProject
Project("{9A19103F-16F7-4668-BE54-9A1E7A4F7556}") = "LifeLogger.Models", "src\LifeLogger.Models\LifeLogger.Models.csproj", "{2E8E080D-5C69-44C3-811C-D62221E9338B}"
EndProject
Project("{9A19103F-16F7-4668-BE54-9A1E7A4F7556}") = "LifeLogger.Commons", "LifeLogger.Commons\LifeLogger.Commons.csproj", "{269A5ED0-7A7D-4E26-8DA8-A8287198E09E}"
EndProject
Project("{FAE04EC0-301F-11D3-BF4B-00C04F79EFBC}") = "LifeLogger.Services", "LifeLogger.Services\LifeLogger.Services.csproj", "{075164F2-96A6-4E64-AF7A-181D395427B5}"
	ProjectSection(ProjectDependencies) = postProject
		{269A5ED0-7A7D-4E26-8DA8-A8287198E09E} = {269A5ED0-7A7D-4E26-8DA8-A8287198E09E}
	EndProjectSection
EndProject
Global
	GlobalSection(SolutionConfigurationPlatforms) = preSolution
		Debug|Any CPU = Debug|Any CPU
		Release|Any CPU = Release|Any CPU
	EndGlobalSection
	GlobalSection(ProjectConfigurationPlatforms) = postSolution
		{A4068C5E-A0A0-4FDB-84D3-E23B6699020C}.Debug|Any CPU.ActiveCfg = Debug|Any CPU
		{A4068C5E-A0A0-4FDB-84D3-E23B6699020C}.Debug|Any CPU.Build.0 = Debug|Any CPU
		{A4068C5E-A0A0-4FDB-84D3-E23B6699020C}.Release|Any CPU.ActiveCfg = Release|Any CPU
		{A4068C5E-A0A0-4FDB-84D3-E23B6699020C}.Release|Any CPU.Build.0 = Release|Any CPU
		{10D72CEB-11AB-49CF-B07C-0CBC7AE45330}.Debug|Any CPU.ActiveCfg = Debug|Any CPU
		{10D72CEB-11AB-49CF-B07C-0CBC7AE45330}.Debug|Any CPU.Build.0 = Debug|Any CPU
		{10D72CEB-11AB-49CF-B07C-0CBC7AE45330}.Release|Any CPU.ActiveCfg = Release|Any CPU
		{10D72CEB-11AB-49CF-B07C-0CBC7AE45330}.Release|Any CPU.Build.0 = Release|Any CPU
		{B34A15BB-F48F-4E1B-BF58-2A8A2C3D7D8A}.Debug|Any CPU.ActiveCfg = Debug|Any CPU
		{B34A15BB-F48F-4E1B-BF58-2A8A2C3D7D8A}.Debug|Any CPU.Build.0 = Debug|Any CPU
		{B34A15BB-F48F-4E1B-BF58-2A8A2C3D7D8A}.Release|Any CPU.ActiveCfg = Release|Any CPU
		{B34A15BB-F48F-4E1B-BF58-2A8A2C3D7D8A}.Release|Any CPU.Build.0 = Release|Any CPU
		{2E8E080D-5C69-44C3-811C-D62221E9338B}.Debug|Any CPU.ActiveCfg = Debug|Any CPU
		{2E8E080D-5C69-44C3-811C-D62221E9338B}.Debug|Any CPU.Build.0 = Debug|Any CPU
		{2E8E080D-5C69-44C3-811C-D62221E9338B}.Release|Any CPU.ActiveCfg = Release|Any CPU
		{2E8E080D-5C69-44C3-811C-D62221E9338B}.Release|Any CPU.Build.0 = Release|Any CPU
		{269A5ED0-7A7D-4E26-8DA8-A8287198E09E}.Debug|Any CPU.ActiveCfg = Debug|Any CPU
		{269A5ED0-7A7D-4E26-8DA8-A8287198E09E}.Debug|Any CPU.Build.0 = Debug|Any CPU
		{269A5ED0-7A7D-4E26-8DA8-A8287198E09E}.Release|Any CPU.ActiveCfg = Release|Any CPU
		{269A5ED0-7A7D-4E26-8DA8-A8287198E09E}.Release|Any CPU.Build.0 = Release|Any CPU
		{075164F2-96A6-4E64-AF7A-181D395427B5}.Debug|Any CPU.ActiveCfg = Debug|Any CPU
		{075164F2-96A6-4E64-AF7A-181D395427B5}.Debug|Any CPU.Build.0 = Debug|Any CPU
		{075164F2-96A6-4E64-AF7A-181D395427B5}.Release|Any CPU.ActiveCfg = Release|Any CPU
		{075164F2-96A6-4E64-AF7A-181D395427B5}.Release|Any CPU.Build.0 = Release|Any CPU
	EndGlobalSection
	GlobalSection(SolutionProperties) = preSolution
		HideSolutionNode = FALSE
	EndGlobalSection
	GlobalSection(ExtensibilityGlobals) = postSolution
		SolutionGuid = {844E5D8C-D2A5-4543-A37B-BBA3697E8DF2}
	EndGlobalSection
EndGlobal
